<?xml version="1.0" encoding="utf-8"?>
<Project ToolsVersion="4.0" xmlns="http://schemas.microsoft.com/developer/msbuild/2003">
  <ItemGroup>
    <Filter Include="源文件">
      <UniqueIdentifier>{4FC737F1-C7A5-4376-A066-2A32D752A2FF}</UniqueIdentifier>
      <Extensions>cpp;c;cc;cxx;def;odl;idl;hpj;bat;asm;asmx</Extensions>
    </Filter>
    <Filter Include="头文件">
      <UniqueIdentifier>{93995380-89BD-4b04-88EB-625FBE52EBFB}</UniqueIdentifier>
      <Extensions>h;hh;hpp;hxx;hm;inl;inc;ipp;xsd</Extensions>
    </Filter>
    <Filter Include="djtTest">
      <UniqueIdentifier>{b6717dae-0d27-4608-9ca8-edef12d365b0}</UniqueIdentifier>
    </Filter>
    <Filter Include="HuShuangPu">
      <UniqueIdentifier>{d6b3a87c-5951-4a24-9c4b-06ba617b30e1}</UniqueIdentifier>
    </Filter>
    <Filter Include="WangHaoYu">
      <UniqueIdentifier>{fb99f5ad-db34-4f4f-8933-5ad4a9c1358d}</UniqueIdentifier>
    </Filter>
    <Filter Include="ZhangHaoYu">
      <UniqueIdentifier>{bd3d997a-5852-4af4-92e4-574486673d59}</UniqueIdentifier>
    </Filter>
  </ItemGroup>
  <ItemGroup>
    <ClCompile Include="AutomataTest.cpp">
      <Filter>源文件</Filter>
    </ClCompile>
    <ClCompile Include="Automata.cpp">
      <Filter>源文件</Filter>
    </ClCompile>
    <ClCompile Include="djtTest\djtTest.cpp">
      <Filter>djtTest</Filter>
    </ClCompile>
    <ClCompile Include="djtTest\CRSetT.cpp">
      <Filter>djtTest</Filter>
    </ClCompile>
    <ClCompile Include="djtTest\DFAHopcroftT.cpp">
      <Filter>djtTest</Filter>
    </ClCompile>
    <ClCompile Include="djtTest\DFAT.cpp">
      <Filter>djtTest</Filter>
    </ClCompile>
    <ClCompile Include="djtTest\minDFAT.cpp">
      <Filter>djtTest</Filter>
    </ClCompile>
    <ClCompile Include="djtTest\reverseT.cpp">
      <Filter>djtTest</Filter>
    </ClCompile>
    <ClCompile Include="djtTest\RFAT.cpp">
      <Filter>djtTest</Filter>
    </ClCompile>
    <ClCompile Include="djtTest\StateRelT.cpp">
      <Filter>djtTest</Filter>
    </ClCompile>
    <ClCompile Include="djtTest\StateSetT.cpp">
      <Filter>djtTest</Filter>
    </ClCompile>
    <ClCompile Include="djtTest\StateTo%28StateSet%29T.cpp">
      <Filter>djtTest</Filter>
    </ClCompile>
    <ClCompile Include="djtTest\ThompsonT.cpp">
      <Filter>djtTest</Filter>
    </ClCompile>
    <ClCompile Include="djtTest\TransT.cpp">
      <Filter>djtTest</Filter>
    </ClCompile>
    <ClCompile Include="HuShuangPu\DFATest.cpp">
      <Filter>HuShuangPu</Filter>
    </ClCompile>
    <ClCompile Include="ZhengHaoYu\ASUTest.cpp">
      <Filter>ZhangHaoYu</Filter>
    </ClCompile>
    <ClCompile Include="ZhengHaoYu\BSTest.cpp">
      <Filter>ZhangHaoYu</Filter>
    </ClCompile>
    <ClCompile Include="ZhengHaoYu\MYGTest.cpp">
      <Filter>ZhangHaoYu</Filter>
    </ClCompile>
    <ClCompile Include="ZhengHaoYu\ThompsonTest.cpp">
      <Filter>ZhangHaoYu</Filter>
    </ClCompile>
    <ClCompile Include="WangHaoYu\BitVecTest.cpp">
      <Filter>WangHaoYu</Filter>
    </ClCompile>
    <ClCompile Include="WangHaoYu\CharRangeTest.cpp">
      <Filter>WangHaoYu</Filter>
    </ClCompile>
    <ClCompile Include="WangHaoYu\CRSetTest.cpp">
      <Filter>WangHaoYu</Filter>
    </ClCompile>
    <ClCompile Include="WangHaoYu\CRSetTest_New.cpp">
      <Filter>WangHaoYu</Filter>
    </ClCompile>
    <ClCompile Include="WangHaoYu\DTransRelTest.cpp">
      <Filter>WangHaoYu</Filter>
    </ClCompile>
    <ClCompile Include="WangHaoYu\DTransTest.cpp">
      <Filter>WangHaoYu</Filter>
    </ClCompile>
    <ClCompile Include="WangHaoYu\FA_Add_Test.cpp">
      <Filter>WangHaoYu</Filter>
    </ClCompile>
    <ClCompile Include="WangHaoYu\FATest.cpp">
      <Filter>WangHaoYu</Filter>
    </ClCompile>
    <ClCompile Include="WangHaoYu\RETest.cpp">
      <Filter>WangHaoYu</Filter>
    </ClCompile>
    <ClCompile Include="WangHaoYu\RFATest.cpp">
      <Filter>WangHaoYu</Filter>
    </ClCompile>
    <ClCompile Include="WangHaoYu\StateEqRelTest.cpp">
      <Filter>WangHaoYu</Filter>
    </ClCompile>
    <ClCompile Include="WangHaoYu\StatePoolTest.cpp">
      <Filter>WangHaoYu</Filter>
    </ClCompile>
    <ClCompile Include="WangHaoYu\StateRelTest.cpp">
      <Filter>WangHaoYu</Filter>
    </ClCompile>
    <ClCompile Include="WangHaoYu\StateRelTest_New.cpp">
      <Filter>WangHaoYu</Filter>
    </ClCompile>
    <ClCompile Include="WangHaoYu\StateSetTest.cpp">
      <Filter>WangHaoYu</Filter>
    </ClCompile>
    <ClCompile Include="WangHaoYu\StateSetTest_New.cpp">
      <Filter>WangHaoYu</Filter>
    </ClCompile>
    <ClCompile Include="WangHaoYu\StateTo(State)Test.cpp">
      <Filter>WangHaoYu</Filter>
    </ClCompile>
    <ClCompile Include="WangHaoYu\StateTo(StateSet)Test.cpp">
      <Filter>WangHaoYu</Filter>
    </ClCompile>
    <ClCompile Include="WangHaoYu\SymRelTest.cpp">
      <Filter>WangHaoYu</Filter>
    </ClCompile>
    <ClCompile Include="WangHaoYu\TransRelTest.cpp">
      <Filter>WangHaoYu</Filter>
    </ClCompile>
    <ClCompile Include="WangHaoYu\TransTest.cpp">
      <Filter>WangHaoYu</Filter>
    </ClCompile>
    <ClCompile Include="WangHaoYu\TransTest_New.cpp">
      <Filter>WangHaoYu</Filter>
    </ClCompile>
  </ItemGroup>
  <ItemGroup>
    <ClInclude Include="WangHaoYu\FA_Add.h">
      <Filter>WangHaoYu</Filter>
    </ClInclude>
    <ClInclude Include="WangHaoYu\StateToState.h">
      <Filter>WangHaoYu</Filter>
    </ClInclude>
  </ItemGroup>
</Project>